// !$*UTF8*$!
{
	archiveVersion = 1;
	classes = {
	};
	objectVersion = 46;
	objects = {

/* Begin PBXBuildFile section */
		BCDC471F1B463150007978F3 /* main.m in Sources */ = {isa = PBXBuildFile; fileRef = BCDC471E1B463150007978F3 /* main.m */; };
		BCDC47221B463150007978F3 /* AppDelegate.m in Sources */ = {isa = PBXBuildFile; fileRef = BCDC47211B463150007978F3 /* AppDelegate.m */; };
		BCDC47251B463150007978F3 /* ViewController.m in Sources */ = {isa = PBXBuildFile; fileRef = BCDC47241B463150007978F3 /* ViewController.m */; };
		BCDC47281B463150007978F3 /* Main.storyboard in Resources */ = {isa = PBXBuildFile; fileRef = BCDC47261B463150007978F3 /* Main.storyboard */; };
		BCDC472A1B463150007978F3 /* Images.xcassets in Resources */ = {isa = PBXBuildFile; fileRef = BCDC47291B463150007978F3 /* Images.xcassets */; };
		BCDC472D1B463150007978F3 /* LaunchScreen.xib in Resources */ = {isa = PBXBuildFile; fileRef = BCDC472B1B463150007978F3 /* LaunchScreen.xib */; };
		BCDC47391B463150007978F3 /* UI_____2Tests.m in Sources */ = {isa = PBXBuildFile; fileRef = BCDC47381B463150007978F3 /* UI_____2Tests.m */; };
		BCDC47441B46316A007978F3 /* SecondViewController.m in Sources */ = {isa = PBXBuildFile; fileRef = BCDC47431B46316A007978F3 /* SecondViewController.m */; };
		BCDC47471B46317C007978F3 /* ThirdViewController.m in Sources */ = {isa = PBXBuildFile; fileRef = BCDC47461B46317C007978F3 /* ThirdViewController.m */; };
		BCDC474A1B463266007978F3 /* ForthViewController.m in Sources */ = {isa = PBXBuildFile; fileRef = BCDC47491B463266007978F3 /* ForthViewController.m */; };
/* End PBXBuildFile section */

/* Begin PBXContainerItemProxy section */
		BCDC47331B463150007978F3 /* PBXContainerItemProxy */ = {
			isa = PBXContainerItemProxy;
			containerPortal = BCDC47111B463150007978F3 /* Project object */;
			proxyType = 1;
			remoteGlobalIDString = BCDC47181B463150007978F3;
			remoteInfo = "UI-视图切换2";
		};
/* End PBXContainerItemProxy section */

/* Begin PBXFileReference section */
		BCDC47191B463150007978F3 /* UI-视图切换2.app */ = {isa = PBXFileReference; explicitFileType = wrapper.application; includeInIndex = 0; path = "UI-视图切换2.app"; sourceTree = BUILT_PRODUCTS_DIR; };
		BCDC471D1B463150007978F3 /* Info.plist */ = {isa = PBXFileReference; lastKnownFileType = text.plist.xml; path = Info.plist; sourceTree = "<group>"; };
		BCDC471E1B463150007978F3 /* main.m */ = {isa = PBXFileReference; lastKnownFileType = sourcecode.c.objc; path = main.m; sourceTree = "<group>"; };
		BCDC47201B463150007978F3 /* AppDelegate.h */ = {isa = PBXFileReference; lastKnownFileType = sourcecode.c.h; path = AppDelegate.h; sourceTree = "<group>"; };
		BCDC47211B463150007978F3 /* AppDelegate.m */ = {isa = PBXFileReference; lastKnownFileType = sourcecode.c.objc; path = AppDelegate.m; sourceTree = "<group>"; };
		BCDC47231B463150007978F3 /* ViewController.h */ = {isa = PBXFileReference; lastKnownFileType = sourcecode.c.h; path = ViewController.h; sourceTree = "<group>"; };
		BCDC47241B463150007978F3 /* ViewController.m */ = {isa = PBXFileReference; lastKnownFileType = sourcecode.c.objc; path = ViewController.m; sourceTree = "<group>"; };
		BCDC47271B463150007978F3 /* Base */ = {isa = PBXFileReference; lastKnownFileType = file.storyboard; name = Base; path = Base.lproj/Main.storyboard; sourceTree = "<group>"; };
		BCDC47291B463150007978F3 /* Images.xcassets */ = {isa = PBXFileReference; lastKnownFileType = folder.assetcatalog; path = Images.xcassets; sourceTree = "<group>"; };
		BCDC472C1B463150007978F3 /* Base */ = {isa = PBXFileReference; lastKnownFileType = file.xib; name = Base; path = Base.lproj/LaunchScreen.xib; sourceTree = "<group>"; };
		BCDC47321B463150007978F3 /* UI-视图切换2Tests.xctest */ = {isa = PBXFileReference; explicitFileType = wrapper.cfbundle; includeInIndex = 0; path = "UI-视图切换2Tests.xctest"; sourceTree = BUILT_PRODUCTS_DIR; };
		BCDC47371B463150007978F3 /* Info.plist */ = {isa = PBXFileReference; lastKnownFileType = text.plist.xml; path = Info.plist; sourceTree = "<group>"; };
		BCDC47381B463150007978F3 /* UI_____2Tests.m */ = {isa = PBXFileReference; lastKnownFileType = sourcecode.c.objc; path = "UI_____2Tests.m"; sourceTree = "<group>"; };
		BCDC47421B46316A007978F3 /* SecondViewController.h */ = {isa = PBXFileReference; fileEncoding = 4; lastKnownFileType = sourcecode.c.h; path = SecondViewController.h; sourceTree = "<group>"; };
		BCDC47431B46316A007978F3 /* SecondViewController.m */ = {isa = PBXFileReference; fileEncoding = 4; lastKnownFileType = sourcecode.c.objc; path = SecondViewController.m; sourceTree = "<group>"; };
		BCDC47451B46317C007978F3 /* ThirdViewController.h */ = {isa = PBXFileReference; fileEncoding = 4; lastKnownFileType = sourcecode.c.h; path = ThirdViewController.h; sourceTree = "<group>"; };
		BCDC47461B46317C007978F3 /* ThirdViewController.m */ = {isa = PBXFileReference; fileEncoding = 4; lastKnownFileType = sourcecode.c.objc; path = ThirdViewController.m; sourceTree = "<group>"; };
		BCDC47481B463266007978F3 /* ForthViewController.h */ = {isa = PBXFileReference; fileEncoding = 4; lastKnownFileType = sourcecode.c.h; path = ForthViewController.h; sourceTree = "<group>"; };
		BCDC47491B463266007978F3 /* ForthViewController.m */ = {isa = PBXFileReference; fileEncoding = 4; lastKnownFileType = sourcecode.c.objc; path = ForthViewController.m; sourceTree = "<group>"; };
/* End PBXFileReference section */

/* Begin PBXFrameworksBuildPhase section */
		BCDC47161B463150007978F3 /* Frameworks */ = {
			isa = PBXFrameworksBuildPhase;
			buildActionMask = 2147483647;
			files = (
			);
			runOnlyForDeploymentPostprocessing = 0;
		};
		BCDC472F1B463150007978F3 /* Frameworks */ = {
			isa = PBXFrameworksBuildPhase;
			buildActionMask = 2147483647;
			files = (
			);
			runOnlyForDeploymentPostprocessing = 0;
		};
/* End PBXFrameworksBuildPhase section */

/* Begin PBXGroup section */
		BCDC47101B463150007978F3 = {
			isa = PBXGroup;
			children = (
				BCDC47481B463266007978F3 /* ForthViewController.h */,
				BCDC47491B463266007978F3 /* ForthViewController.m */,
				BCDC47451B46317C007978F3 /* ThirdViewController.h */,
				BCDC47461B46317C007978F3 /* ThirdViewController.m */,
				BCDC47421B46316A007978F3 /* SecondViewController.h */,
				BCDC47431B46316A007978F3 /* SecondViewController.m */,
				BCDC471B1B463150007978F3 /* UI-视图切换2 */,
				BCDC47351B463150007978F3 /* UI-视图切换2Tests */,
				BCDC471A1B463150007978F3 /* Products */,
			);
			sourceTree = "<group>";
		};
		BCDC471A1B463150007978F3 /* Products */ = {
			isa = PBXGroup;
			children = (
				BCDC47191B463150007978F3 /* UI-视图切换2.app */,
				BCDC47321B463150007978F3 /* UI-视图切换2Tests.xctest */,
			);
			name = Products;
			sourceTree = "<group>";
		};
		BCDC471B1B463150007978F3 /* UI-视图切换2 */ = {
			isa = PBXGroup;
			children = (
				BCDC47201B463150007978F3 /* AppDelegate.h */,
				BCDC47211B463150007978F3 /* AppDelegate.m */,
				BCDC47231B463150007978F3 /* ViewController.h */,
				BCDC47241B463150007978F3 /* ViewController.m */,
				BCDC47261B463150007978F3 /* Main.storyboard */,
				BCDC47291B463150007978F3 /* Images.xcassets */,
				BCDC472B1B463150007978F3 /* LaunchScreen.xib */,
				BCDC471C1B463150007978F3 /* Supporting Files */,
			);
			path = "UI-视图切换2";
			sourceTree = "<group>";
		};
		BCDC471C1B463150007978F3 /* Supporting Files */ = {
			isa = PBXGroup;
			children = (
				BCDC471D1B463150007978F3 /* Info.plist */,
				BCDC471E1B463150007978F3 /* main.m */,
			);
			name = "Supporting Files";
			sourceTree = "<group>";
		};
		BCDC47351B463150007978F3 /* UI-视图切换2Tests */ = {
			isa = PBXGroup;
			children = (
				BCDC47381B463150007978F3 /* UI_____2Tests.m */,
				BCDC47361B463150007978F3 /* Supporting Files */,
			);
			path = "UI-视图切换2Tests";
			sourceTree = "<group>";
		};
		BCDC47361B463150007978F3 /* Supporting Files */ = {
			isa = PBXGroup;
			children = (
				BCDC47371B463150007978F3 /* Info.plist */,
			);
			name = "Supporting Files";
			sourceTree = "<group>";
		};
/* End PBXGroup section */

/* Begin PBXNativeTarget section */
		BCDC47181B463150007978F3 /* UI-视图切换2 */ = {
			isa = PBXNativeTarget;
			buildConfigurationList = BCDC473C1B463150007978F3 /* Build configuration list for PBXNativeTarget "UI-视图切换2" */;
			buildPhases = (
				BCDC47151B463150007978F3 /* Sources */,
				BCDC47161B463150007978F3 /* Frameworks */,
				BCDC47171B463150007978F3 /* Resources */,
			);
			buildRules = (
			);
			dependencies = (
			);
			name = "UI-视图切换2";
			productName = "UI-视图切换2";
			productReference = BCDC47191B463150007978F3 /* UI-视图切换2.app */;
			productType = "com.apple.product-type.application";
		};
		BCDC47311B463150007978F3 /* UI-视图切换2Tests */ = {
			isa = PBXNativeTarget;
			buildConfigurationList = BCDC473F1B463150007978F3 /* Build configuration list for PBXNativeTarget "UI-视图切换2Tests" */;
			buildPhases = (
				BCDC472E1B463150007978F3 /* Sources */,
				BCDC472F1B463150007978F3 /* Frameworks */,
				BCDC47301B463150007978F3 /* Resources */,
			);
			buildRules = (
			);
			dependencies = (
				BCDC47341B463150007978F3 /* PBXTargetDependency */,
			);
			name = "UI-视图切换2Tests";
			productName = "UI-视图切换2Tests";
			productReference = BCDC47321B463150007978F3 /* UI-视图切换2Tests.xctest */;
			productType = "com.apple.product-type.bundle.unit-test";
		};
/* End PBXNativeTarget section */

/* Begin PBXProject section */
		BCDC47111B463150007978F3 /* Project object */ = {
			isa = PBXProject;
			attributes = {
				LastUpgradeCheck = 0630;
				ORGANIZATIONNAME = qianfeng;
				TargetAttributes = {
					BCDC47181B463150007978F3 = {
						CreatedOnToolsVersion = 6.3;
					};
					BCDC47311B463150007978F3 = {
						CreatedOnToolsVersion = 6.3;
						TestTargetID = BCDC47181B463150007978F3;
					};
				};
			};
			buildConfigurationList = BCDC47141B463150007978F3 /* Build configuration list for PBXProject "UI-视图切换2" */;
			compatibilityVersion = "Xcode 3.2";
			developmentRegion = English;
			hasScannedForEncodings = 0;
			knownRegions = (
				en,
				Base,
			);
			mainGroup = BCDC47101B463150007978F3;
			productRefGroup = BCDC471A1B463150007978F3 /* Products */;
			projectDirPath = "";
			projectRoot = "";
			targets = (
				BCDC47181B463150007978F3 /* UI-视图切换2 */,
				BCDC47311B463150007978F3 /* UI-视图切换2Tests */,
			);
		};
/* End PBXProject section */

/* Begin PBXResourcesBuildPhase section */
		BCDC47171B463150007978F3 /* Resources */ = {
			isa = PBXResourcesBuildPhase;
			buildActionMask = 2147483647;
			files = (
				BCDC47281B463150007978F3 /* Main.storyboard in Resources */,
				BCDC472D1B463150007978F3 /* LaunchScreen.xib in Resources */,
				BCDC472A1B463150007978F3 /* Images.xcassets in Resources */,
			);
			runOnlyForDeploymentPostprocessing = 0;
		};
		BCDC47301B463150007978F3 /* Resources */ = {
			isa = PBXResourcesBuildPhase;
			buildActionMask = 2147483647;
			files = (
			);
			runOnlyForDeploymentPostprocessing = 0;
		};
/* End PBXResourcesBuildPhase section */

/* Begin PBXSourcesBuildPhase section */
		BCDC47151B463150007978F3 /* Sources */ = {
			isa = PBXSourcesBuildPhase;
			buildActionMask = 2147483647;
			files = (
				BCDC47441B46316A007978F3 /* SecondViewController.m in Sources */,
				BCDC47471B46317C007978F3 /* ThirdViewController.m in Sources */,
				BCDC474A1B463266007978F3 /* ForthViewController.m in Sources */,
				BCDC47251B463150007978F3 /* ViewController.m in Sources */,
				BCDC47221B463150007978F3 /* AppDelegate.m in Sources */,
				BCDC471F1B463150007978F3 /* main.m in Sources */,
			);
			runOnlyForDeploymentPostprocessing = 0;
		};
		BCDC472E1B463150007978F3 /* Sources */ = {
			isa = PBXSourcesBuildPhase;
			buildActionMask = 2147483647;
			files = (
				BCDC47391B463150007978F3 /* UI_____2Tests.m in Sources */,
			);
			runOnlyForDeploymentPostprocessing = 0;
		};
/* End PBXSourcesBuildPhase section */

/* Begin PBXTargetDependency section */
		BCDC47341B463150007978F3 /* PBXTargetDependency */ = {
			isa = PBXTargetDependency;
			target = BCDC47181B463150007978F3 /* UI-视图切换2 */;
			targetProxy = BCDC47331B463150007978F3 /* PBXContainerItemProxy */;
		};
/* End PBXTargetDependency section */

/* Begin PBXVariantGroup section */
		BCDC47261B463150007978F3 /* Main.storyboard */ = {
			isa = PBXVariantGroup;
			children = (
				BCDC47271B463150007978F3 /* Base */,
			);
			name = Main.storyboard;
			sourceTree = "<group>";
		};
		BCDC472B1B463150007978F3 /* LaunchScreen.xib */ = {
			isa = PBXVariantGroup;
			children = (
				BCDC472C1B463150007978F3 /* Base */,
			);
			name = LaunchScreen.xib;
			sourceTree = "<group>";
		};
/* End PBXVariantGroup section */

/* Begin XCBuildConfiguration section */
		BCDC473A1B463150007978F3 /* Debug */ = {
			isa = XCBuildConfiguration;
			buildSettings = {
				ALWAYS_SEARCH_USER_PATHS = NO;
				CLANG_CXX_LANGUAGE_STANDARD = "gnu++0x";
				CLANG_CXX_LIBRARY = "libc++";
				CLANG_ENABLE_MODULES = YES;
				CLANG_ENABLE_OBJC_ARC = YES;
				CLANG_WARN_BOOL_CONVERSION = YES;
				CLANG_WARN_CONSTANT_CONVERSION = YES;
				CLANG_WARN_DIRECT_OBJC_ISA_USAGE = YES_ERROR;
				CLANG_WARN_EMPTY_BODY = YES;
				CLANG_WARN_ENUM_CONVERSION = YES;
				CLANG_WARN_INT_CONVERSION = YES;
				CLANG_WARN_OBJC_ROOT_CLASS = YES_ERROR;
				CLANG_WARN_UNREACHABLE_CODE = YES;
				CLANG_WARN__DUPLICATE_METHOD_MATCH = YES;
				"CODE_SIGN_IDENTITY[sdk=iphoneos*]" = "iPhone Developer";
				COPY_PHASE_STRIP = NO;
				DEBUG_INFORMATION_FORMAT = "dwarf-with-dsym";
				ENABLE_STRICT_OBJC_MSGSEND = YES;
				GCC_C_LANGUAGE_STANDARD = gnu99;
				GCC_DYNAMIC_NO_PIC = NO;
				GCC_NO_COMMON_BLOCKS = YES;
				GCC_OPTIMIZATION_LEVEL = 0;
				GCC_PREPROCESSOR_DEFINITIONS = (
					"DEBUG=1",
					"$(inherited)",
				);
				GCC_SYMBOLS_PRIVATE_EXTERN = NO;
				GCC_WARN_64_TO_32_BIT_CONVERSION = YES;
				GCC_WARN_ABOUT_RETURN_TYPE = YES_ERROR;
				GCC_WARN_UNDECLARED_SELECTOR = YES;
				GCC_WARN_UNINITIALIZED_AUTOS = YES_AGGRESSIVE;
				GCC_WARN_UNUSED_FUNCTION = YES;
				GCC_WARN_UNUSED_VARIABLE = YES;
				IPHONEOS_DEPLOYMENT_TARGET = 8.3;
				MTL_ENABLE_DEBUG_INFO = YES;
				ONLY_ACTIVE_ARCH = YES;
				SDKROOT = iphoneos;
				TARGETED_DEVICE_FAMILY = "1,2";
			};
			name = Debug;
		};
		BCDC473B1B463150007978F3 /* Release */ = {
			isa = XCBuildConfiguration;
			buildSettings = {
				ALWAYS_SEARCH_USER_PATHS = NO;
				CLANG_CXX_LANGUAGE_STANDARD = "gnu++0x";
				CLANG_CXX_LIBRARY = "libc++";
				CLANG_ENABLE_MODULES = YES;
				CLANG_ENABLE_OBJC_ARC = YES;
				CLANG_WARN_BOOL_CONVERSION = YES;
				CLANG_WARN_CONSTANT_CONVERSION = YES;
				CLANG_WARN_DIRECT_OBJC_ISA_USAGE = YES_ERROR;
				CLANG_WARN_EMPTY_BODY = YES;
				CLANG_WARN_ENUM_CONVERSION = YES;
				CLANG_WARN_INT_CONVERSION = YES;
				CLANG_WARN_OBJC_ROOT_CLASS = YES_ERROR;
				CLANG_WARN_UNREACHABLE_CODE = YES;
				CLANG_WARN__DUPLICATE_METHOD_MATCH = YES;
				"CODE_SIGN_IDENTITY[sdk=iphoneos*]" = "iPhone Developer";
				COPY_PHASE_STRIP = NO;
				DEBUG_INFORMATION_FORMAT = "dwarf-with-dsym";
				ENABLE_NS_ASSERTIONS = NO;
				ENABLE_STRICT_OBJC_MSGSEND = YES;
				GCC_C_LANGUAGE_STANDARD = gnu99;
				GCC_NO_COMMON_BLOCKS = YES;
				GCC_WARN_64_TO_32_BIT_CONVERSION = YES;
				GCC_WARN_ABOUT_RETURN_TYPE = YES_ERROR;
				GCC_WARN_UNDECLARED_SELECTOR = YES;
				GCC_WARN_UNINITIALIZED_AUTOS = YES_AGGRESSIVE;
				GCC_WARN_UNUSED_FUNCTION = YES;
				GCC_WARN_UNUSED_VARIABLE = YES;
				IPHONEOS_DEPLOYMENT_TARGET = 8.3;
				MTL_ENABLE_DEBUG_INFO = NO;
				SDKROOT = iphoneos;
				TARGETED_DEVICE_FAMILY = "1,2";
				VALIDATE_PRODUCT = YES;
			};
			name = Release;
		};
		BCDC473D1B463150007978F3 /* Debug */ = {
			isa = XCBuildConfiguration;
			buildSettings = {
				ASSETCATALOG_COMPILER_APPICON_NAME = AppIcon;
				INFOPLIST_FILE = "UI-视图切换2/Info.plist";
				LD_RUNPATH_SEARCH_PATHS = "$(inherited) @executable_path/Frameworks";
				PRODUCT_NAME = "$(TARGET_NAME)";
			};
			name = Debug;
		};
		BCDC473E1B463150007978F3 /* Release */ = {
			isa = XCBuildConfiguration;
			buildSettings = {
				ASSETCATALOG_COMPILER_APPICON_NAME = AppIcon;
				INFOPLIST_FILE = "UI-视图切换2/Info.plist";
				LD_RUNPATH_SEARCH_PATHS = "$(inherited) @executable_path/Frameworks";
				PRODUCT_NAME = "$(TARGET_NAME)";
			};
			name = Release;
		};
		BCDC47401B463150007978F3 /* Debug */ = {
			isa = XCBuildConfiguration;
			buildSettings = {
				BUNDLE_LOADER = "$(TEST_HOST)";
				FRAMEWORK_SEARCH_PATHS = (
					"$(SDKROOT)/Developer/Library/Frameworks",
					"$(inherited)",
				);
				GCC_PREPROCESSOR_DEFINITIONS = (
					"DEBUG=1",
					"$(inherited)",
				);
				INFOPLIST_FILE = "UI-视图切换2Tests/Info.plist";
				LD_RUNPATH_SEARCH_PATHS = "$(inherited) @executable_path/Frameworks @loader_path/Frameworks";
				PRODUCT_NAME = "$(TARGET_NAME)";
				TEST_HOST = "$(BUILT_PRODUCTS_DIR)/UI-视图切换2.app/UI-视图切换2";
			};
			name = Debug;
		};
		BCDC47411B463150007978F3 /* Release */ = {
			isa = XCBuildConfiguration;
			buildSettings = {
				BUNDLE_LOADER = "$(TEST_HOST)";
				FRAMEWORK_SEARCH_PATHS = (
					"$(SDKROOT)/Developer/Library/Frameworks",
					"$(inherited)",
				);
				INFOPLIST_FILE = "UI-视图切换2Tests/Info.plist";
				LD_RUNPATH_SEARCH_PATHS = "$(inherited) @executable_path/Frameworks @loader_path/Frameworks";
				PRODUCT_NAME = "$(TARGET_NAME)";
				TEST_HOST = "$(BUILT_PRODUCTS_DIR)/UI-视图切换2.app/UI-视图切换2";
			};
			name = Release;
		};
/* End XCBuildConfiguration section */

/* Begin XCConfigurationList section */
		BCDC47141B463150007978F3 /* Build configuration list for PBXProject "UI-视图切换2" */ = {
			isa = XCConfigurationList;
			buildConfigurations = (
				BCDC473A1B463150007978F3 /* Debug */,
				BCDC473B1B463150007978F3 /* Release */,
			);
			defaultConfigurationIsVisible = 0;
			defaultConfigurationName = Release;
		};
		BCDC473C1B463150007978F3 /* Build configuration list for PBXNativeTarget "UI-视图切换2" */ = {
			isa = XCConfigurationList;
			buildConfigurations = (
				BCDC473D1B463150007978F3 /* Debug */,
				BCDC473E1B463150007978F3 /* Release */,
			);
			defaultConfigurationIsVisible = 0;
		};
		BCDC473F1B463150007978F3 /* Build configuration list for PBXNativeTarget "UI-视图切换2Tests" */ = {
			isa = XCConfigurationList;
			buildConfigurations = (
				BCDC47401B463150007978F3 /* Debug */,
				BCDC47411B463150007978F3 /* Release */,
			);
			defaultConfigurationIsVisible = 0;
		};
/* End XCConfigurationList section */
	};
	rootObject = BCDC47111B463150007978F3 /* Project object */;
}
